
Microsoft Visual Studio Solution File, Format Version 12.00
# Visual Studio Version 16
VisualStudioVersion = 16.0.32929.386
MinimumVisualStudioVersion = 10.0.40219.1
Project("{FAE04EC0-301F-11D3-BF4B-00C04F79EFBC}") = "signup-login", "signup-login\signup-login.csproj", "{6D44FCFE-2283-4465-96F6-F89E07679465}"
EndProject
Global
	GlobalSection(SolutionConfigurationPlatforms) = preSolution
		Debug|Any CPU = Debug|Any CPU
		Release|Any CPU = Release|Any CPU
	EndGlobalSection
	GlobalSection(ProjectConfigurationPlatforms) = postSolution
		{6D44FCFE-2283-4465-96F6-F89E07679465}.Debug|Any CPU.ActiveCfg = Debug|Any CPU
		{6D44FCFE-2283-4465-96F6-F89E07679465}.Debug|Any CPU.Build.0 = Debug|Any CPU
		{6D44FCFE-2283-4465-96F6-F89E07679465}.Release|Any CPU.ActiveCfg = Release|Any CPU
		{6D44FCFE-2283-4465-96F6-F89E07679465}.Release|Any CPU.Build.0 = Release|Any CPU
	EndGlobalSection
	GlobalSection(SolutionProperties) = preSolution
		HideSolutionNode = FALSE
	EndGlobalSection
	GlobalSection(ExtensibilityGlobals) = postSolution
		SolutionGuid = {F6794F39-241D-4BC7-92F3-33C050D37C50}
	EndGlobalSection
EndGlobal
